
Microsoft Visual Studio Solution File, Format Version 12.00
# Visual Studio Version 16
VisualStudioVersion = 16.0.30711.63
MinimumVisualStudioVersion = 10.0.40219.1
Project("{FAE04EC0-301F-11D3-BF4B-00C04F79EFBC}") = "WebApplication5", "WebApplication5\WebApplication5.csproj", "{6C6AAD27-CAAC-4984-9342-9D9E54031AA9}"
EndProject
Global
	GlobalSection(SolutionConfigurationPlatforms) = preSolution
		Debug|Any CPU = Debug|Any CPU
		Release|Any CPU = Release|Any CPU
	EndGlobalSection
	GlobalSection(ProjectConfigurationPlatforms) = postSolution
		{6C6AAD27-CAAC-4984-9342-9D9E54031AA9}.Debug|Any CPU.ActiveCfg = Debug|Any CPU
		{6C6AAD27-CAAC-4984-9342-9D9E54031AA9}.Debug|Any CPU.Build.0 = Debug|Any CPU
		{6C6AAD27-CAAC-4984-9342-9D9E54031AA9}.Release|Any CPU.ActiveCfg = Release|Any CPU
		{6C6AAD27-CAAC-4984-9342-9D9E54031AA9}.Release|Any CPU.Build.0 = Release|Any CPU
	EndGlobalSection
	GlobalSection(SolutionProperties) = preSolution
		HideSolutionNode = FALSE
	EndGlobalSection
	GlobalSection(ExtensibilityGlobals) = postSolution
		SolutionGuid = {94776866-F4F5-4683-BAE5-D52C5655A5B2}
	EndGlobalSection
EndGlobal
